
Microsoft Visual Studio Solution File, Format Version 11.00
# Visual Studio 2010
Project("{FAE04EC0-301F-11D3-BF4B-00C04F79EFBC}") = "Serial data", "Serial data\Serial data.csproj", "{08EF32BB-E65C-4D70-BD8C-41CB49C7619C}"
EndProject
Global
	GlobalSection(SolutionConfigurationPlatforms) = preSolution
		Debug|x86 = Debug|x86
		Release|x86 = Release|x86
	EndGlobalSection
	GlobalSection(ProjectConfigurationPlatforms) = postSolution
		{08EF32BB-E65C-4D70-BD8C-41CB49C7619C}.Debug|x86.ActiveCfg = Debug|x86
		{08EF32BB-E65C-4D70-BD8C-41CB49C7619C}.Debug|x86.Build.0 = Debug|x86
		{08EF32BB-E65C-4D70-BD8C-41CB49C7619C}.Release|x86.ActiveCfg = Release|x86
		{08EF32BB-E65C-4D70-BD8C-41CB49C7619C}.Release|x86.Build.0 = Release|x86
	EndGlobalSection
	GlobalSection(SolutionProperties) = preSolution
		HideSolutionNode = FALSE
	EndGlobalSection
EndGlobal
